
Microsoft Visual Studio Solution File, Format Version 12.00
# Visual Studio 15
VisualStudioVersion = 15.0.27703.2042
MinimumVisualStudioVersion = 10.0.40219.1
Project("{D2ABAB84-BF74-430A-B69E-9DC6D40DDA17}") = "70-768-Ch1", "70-768-Ch1.dwproj", "{F27BD1FA-771D-4E3B-9D85-8FD148922FAB}"
EndProject
Global
	GlobalSection(SolutionConfigurationPlatforms) = preSolution
		Development|Default = Development|Default
	EndGlobalSection
	GlobalSection(ProjectConfigurationPlatforms) = postSolution
		{F27BD1FA-771D-4E3B-9D85-8FD148922FAB}.Development|Default.ActiveCfg = Development
		{F27BD1FA-771D-4E3B-9D85-8FD148922FAB}.Development|Default.Build.0 = Development
		{F27BD1FA-771D-4E3B-9D85-8FD148922FAB}.Development|Default.Deploy.0 = Development
	EndGlobalSection
	GlobalSection(SolutionProperties) = preSolution
		HideSolutionNode = FALSE
	EndGlobalSection
	GlobalSection(ExtensibilityGlobals) = postSolution
		SolutionGuid = {02813455-840B-42C6-A515-642603603701}
	EndGlobalSection
EndGlobal
